<?xml version="1.0" encoding="utf-8"?>
<Project ToolsVersion="4.0" xmlns="http://schemas.microsoft.com/developer/msbuild/2003">
  <ItemGroup>
    <Filter Include="소스 파일">
      <UniqueIdentifier>{4FC737F1-C7A5-4376-A066-2A32D752A2FF}</UniqueIdentifier>
      <Extensions>cpp;c;cc;cxx;def;odl;idl;hpj;bat;asm;asmx</Extensions>
    </Filter>
    <Filter Include="헤더 파일">
      <UniqueIdentifier>{93995380-89BD-4b04-88EB-625FBE52EBFB}</UniqueIdentifier>
      <Extensions>h;hh;hpp;hxx;hm;inl;inc;ipp;xsd</Extensions>
    </Filter>
    <Filter Include="리소스 파일">
      <UniqueIdentifier>{67DA6AB6-F800-4c08-8B7A-83BB121AAD01}</UniqueIdentifier>
      <Extensions>rc;ico;cur;bmp;dlg;rc2;rct;bin;rgs;gif;jpg;jpeg;jpe;resx;tiff;tif;png;wav;mfcribbon-ms</Extensions>
    </Filter>
    <Filter Include="소스 파일\Model">
      <UniqueIdentifier>{171653dd-5b99-4225-991b-10f809848acf}</UniqueIdentifier>
    </Filter>
    <Filter Include="헤더 파일\Model">
      <UniqueIdentifier>{3e3d9f24-41dd-47d1-9c6b-465dfb7d9646}</UniqueIdentifier>
    </Filter>
    <Filter Include="소스 파일\Dialog">
      <UniqueIdentifier>{808a55ec-414c-4771-9aec-079443ddf3dd}</UniqueIdentifier>
    </Filter>
    <Filter Include="헤더 파일\Dialog">
      <UniqueIdentifier>{f72582df-ef85-404f-baea-11d6d1dfcab2}</UniqueIdentifier>
    </Filter>
    <Filter Include="소스 파일\Main">
      <UniqueIdentifier>{234291ac-5df2-47c3-b0ae-7cf319a42cc5}</UniqueIdentifier>
    </Filter>
    <Filter Include="헤더 파일\Main">
      <UniqueIdentifier>{34e82a3d-f8cc-4ae5-b732-388b009edefc}</UniqueIdentifier>
    </Filter>
  </ItemGroup>
  <ItemGroup>
    <ClInclude Include="FileManager.h">
      <Filter>헤더 파일\Model</Filter>
    </ClInclude>
    <ClInclude Include="Person.h">
      <Filter>헤더 파일\Model</Filter>
    </ClInclude>
    <ClInclude Include="PhoneBook.h">
      <Filter>헤더 파일\Model</Filter>
    </ClInclude>
    <ClInclude Include="PhoneBookGUIDlg.h">
      <Filter>헤더 파일\Dialog</Filter>
    </ClInclude>
    <ClInclude Include="SubBasicGUIDlg.h">
      <Filter>헤더 파일\Dialog</Filter>
    </ClInclude>
    <ClInclude Include="SubEditGUIDlg.h">
      <Filter>헤더 파일\Dialog</Filter>
    </ClInclude>
    <ClInclude Include="Resource.h">
      <Filter>헤더 파일\Main</Filter>
    </ClInclude>
    <ClInclude Include="stdafx.h">
      <Filter>헤더 파일\Main</Filter>
    </ClInclude>
    <ClInclude Include="targetver.h">
      <Filter>헤더 파일\Main</Filter>
    </ClInclude>
    <ClInclude Include="define.h">
      <Filter>헤더 파일\Main</Filter>
    </ClInclude>
    <ClInclude Include="PhoneBookGUI.h">
      <Filter>헤더 파일\Model</Filter>
    </ClInclude>
  </ItemGroup>
  <ItemGroup>
    <ClCompile Include="FileManager.cpp">
      <Filter>소스 파일\Model</Filter>
    </ClCompile>
    <ClCompile Include="Person.cpp">
      <Filter>소스 파일\Model</Filter>
    </ClCompile>
    <ClCompile Include="PhoneBook.cpp">
      <Filter>소스 파일\Model</Filter>
    </ClCompile>
    <ClCompile Include="PhoneBookGUIDlg.cpp">
      <Filter>소스 파일\Dialog</Filter>
    </ClCompile>
    <ClCompile Include="SubBasicGUIDlg.cpp">
      <Filter>소스 파일\Dialog</Filter>
    </ClCompile>
    <ClCompile Include="SubEditGUIDlg.cpp">
      <Filter>소스 파일\Dialog</Filter>
    </ClCompile>
    <ClCompile Include="PhoneBookGUI.cpp">
      <Filter>소스 파일\Main</Filter>
    </ClCompile>
    <ClCompile Include="stdafx.cpp">
      <Filter>소스 파일\Main</Filter>
    </ClCompile>
  </ItemGroup>
  <ItemGroup>
    <ResourceCompile Include="PhoneBookGUI.rc">
      <Filter>리소스 파일</Filter>
    </ResourceCompile>
  </ItemGroup>
  <ItemGroup>
    <None Include="res\PhoneBookGUI.rc2">
      <Filter>리소스 파일</Filter>
    </None>
  </ItemGroup>
  <ItemGroup>
    <Image Include="res\PhoneBookGUI.ico">
      <Filter>리소스 파일</Filter>
    </Image>
  </ItemGroup>
</Project>